
Microsoft Visual Studio Solution File, Format Version 12.00
# Visual Studio Version 17
VisualStudioVersion = 17.6.33815.320
MinimumVisualStudioVersion = 10.0.40219.1
Project("{9A19103F-16F7-4668-BE54-9A1E7A4F7556}") = "TodoApi", "TodoApi.csproj", "{3373AD39-7D95-4FBD-A165-39E78C695FDB}"
EndProject
Global
	GlobalSection(SolutionConfigurationPlatforms) = preSolution
		Debug|Any CPU = Debug|Any CPU
		Release|Any CPU = Release|Any CPU
	EndGlobalSection
	GlobalSection(ProjectConfigurationPlatforms) = postSolution
		{3373AD39-7D95-4FBD-A165-39E78C695FDB}.Debug|Any CPU.ActiveCfg = Debug|Any CPU
		{3373AD39-7D95-4FBD-A165-39E78C695FDB}.Debug|Any CPU.Build.0 = Debug|Any CPU
		{3373AD39-7D95-4FBD-A165-39E78C695FDB}.Release|Any CPU.ActiveCfg = Release|Any CPU
		{3373AD39-7D95-4FBD-A165-39E78C695FDB}.Release|Any CPU.Build.0 = Release|Any CPU
	EndGlobalSection
	GlobalSection(SolutionProperties) = preSolution
		HideSolutionNode = FALSE
	EndGlobalSection
	GlobalSection(ExtensibilityGlobals) = postSolution
		SolutionGuid = {6B278356-E8DE-4A43-B3BB-8A4B32F12638}
	EndGlobalSection
EndGlobal
